
Microsoft Visual Studio Solution File, Format Version 12.00
# Visual Studio 15
VisualStudioVersion = 15.0.28307.1831
MinimumVisualStudioVersion = 10.0.40219.1
Project("{FAE04EC0-301F-11D3-BF4B-00C04F79EFBC}") = "EBookStore", "EBookStore\EBookStore.csproj", "{74693008-528E-4081-85A9-46EDDCBE7105}"
EndProject
Global
	GlobalSection(SolutionConfigurationPlatforms) = preSolution
		Debug|Any CPU = Debug|Any CPU
		Release|Any CPU = Release|Any CPU
	EndGlobalSection
	GlobalSection(ProjectConfigurationPlatforms) = postSolution
		{74693008-528E-4081-85A9-46EDDCBE7105}.Debug|Any CPU.ActiveCfg = Debug|Any CPU
		{74693008-528E-4081-85A9-46EDDCBE7105}.Debug|Any CPU.Build.0 = Debug|Any CPU
		{74693008-528E-4081-85A9-46EDDCBE7105}.Release|Any CPU.ActiveCfg = Release|Any CPU
		{74693008-528E-4081-85A9-46EDDCBE7105}.Release|Any CPU.Build.0 = Release|Any CPU
	EndGlobalSection
	GlobalSection(SolutionProperties) = preSolution
		HideSolutionNode = FALSE
	EndGlobalSection
	GlobalSection(ExtensibilityGlobals) = postSolution
		SolutionGuid = {CBAF948C-3EFC-4FB0-80C2-1D02E07BDB60}
	EndGlobalSection
EndGlobal
